// !$*UTF8*$!
{
	archiveVersion = 1;
	classes = {
	};
	objectVersion = 55;
	objects = {

/* Begin PBXBuildFile section */
		66325EBA277DB2450005F5B7 /* MovieMemoView.swift in Sources */ = {isa = PBXBuildFile; fileRef = 66325EB9277DB2450005F5B7 /* MovieMemoView.swift */; };
		665FB40F2771D88C00048D01 /* FirstPageView.swift in Sources */ = {isa = PBXBuildFile; fileRef = 665FB40E2771D88C00048D01 /* FirstPageView.swift */; };
		6660F8C32783177A0088D89E /* AttributesDefaultValueView.swift in Sources */ = {isa = PBXBuildFile; fileRef = 6660F8C22783177A0088D89E /* AttributesDefaultValueView.swift */; };
		6660F907278321FC0088D89E /* Entity1+CoreDataClass.swift in Sources */ = {isa = PBXBuildFile; fileRef = 6660F905278321FC0088D89E /* Entity1+CoreDataClass.swift */; };
		6660F908278321FC0088D89E /* Entity1+CoreDataProperties.swift in Sources */ = {isa = PBXBuildFile; fileRef = 6660F906278321FC0088D89E /* Entity1+CoreDataProperties.swift */; };
		6660F90A278323930088D89E /* HasChangesAndConstraintsView.swift in Sources */ = {isa = PBXBuildFile; fileRef = 6660F909278323930088D89E /* HasChangesAndConstraintsView.swift */; };
		6662DB372783D7EC002D3BF6 /* NSPredicateView.swift in Sources */ = {isa = PBXBuildFile; fileRef = 6662DB362783D7EC002D3BF6 /* NSPredicateView.swift */; };
		6662DB392783DD56002D3BF6 /* RelationshipsView.swift in Sources */ = {isa = PBXBuildFile; fileRef = 6662DB382783DD56002D3BF6 /* RelationshipsView.swift */; };
		6662DB402783DF57002D3BF6 /* Author+CoreDataClass.swift in Sources */ = {isa = PBXBuildFile; fileRef = 6662DB3E2783DF57002D3BF6 /* Author+CoreDataClass.swift */; };
		6662DB412783DF57002D3BF6 /* Author+CoreDataProperties.swift in Sources */ = {isa = PBXBuildFile; fileRef = 6662DB3F2783DF57002D3BF6 /* Author+CoreDataProperties.swift */; };
		6662DB442783E964002D3BF6 /* UploadImageView.swift in Sources */ = {isa = PBXBuildFile; fileRef = 6662DB432783E964002D3BF6 /* UploadImageView.swift */; };
		6662DB462783ED58002D3BF6 /* ImageSaver.swift in Sources */ = {isa = PBXBuildFile; fileRef = 6662DB452783ED58002D3BF6 /* ImageSaver.swift */; };
		6662DB482783EEFB002D3BF6 /* ImagePickerView.swift in Sources */ = {isa = PBXBuildFile; fileRef = 6662DB472783EEFB002D3BF6 /* ImagePickerView.swift */; };
		6662DB4A2783F138002D3BF6 /* MapView.swift in Sources */ = {isa = PBXBuildFile; fileRef = 6662DB492783F138002D3BF6 /* MapView.swift */; };
		668198712772B3DB00A784CC /* GuessFlagView.swift in Sources */ = {isa = PBXBuildFile; fileRef = 668198702772B3DB00A784CC /* GuessFlagView.swift */; };
		668198732772F1E600A784CC /* FirstPageTCell.swift in Sources */ = {isa = PBXBuildFile; fileRef = 668198722772F1E600A784CC /* FirstPageTCell.swift */; };
		668198792773195800A784CC /* AboutModifierView.swift in Sources */ = {isa = PBXBuildFile; fileRef = 668198782773195800A784CC /* AboutModifierView.swift */; };
		6687B7E7277AE5F20054D542 /* AEControllerPage.swift in Sources */ = {isa = PBXBuildFile; fileRef = 6687B7E6277AE5F20054D542 /* AEControllerPage.swift */; };
		6687B7EA277AEB760054D542 /* AEFirstViewController.swift in Sources */ = {isa = PBXBuildFile; fileRef = 6687B7E9277AEB760054D542 /* AEFirstViewController.swift */; };
		6687B7EC277AEC7C0054D542 /* WebViewPage.swift in Sources */ = {isa = PBXBuildFile; fileRef = 6687B7EB277AEC7C0054D542 /* WebViewPage.swift */; };
		6687B7F0277AEF870054D542 /* AEWebView.swift in Sources */ = {isa = PBXBuildFile; fileRef = 6687B7EF277AEF870054D542 /* AEWebView.swift */; };
		668855AF27794A240025247E /* AstronautView.swift in Sources */ = {isa = PBXBuildFile; fileRef = 668855AE27794A240025247E /* AstronautView.swift */; };
		668855B12779521A0025247E /* Astronaut.swift in Sources */ = {isa = PBXBuildFile; fileRef = 668855B02779521A0025247E /* Astronaut.swift */; };
		668855B4277991470025247E /* Order.swift in Sources */ = {isa = PBXBuildFile; fileRef = 668855B3277991470025247E /* Order.swift */; };
		668855B6277991560025247E /* GetAPIData.swift in Sources */ = {isa = PBXBuildFile; fileRef = 668855B5277991560025247E /* GetAPIData.swift */; };
		668855B8277991650025247E /* TeaView.swift in Sources */ = {isa = PBXBuildFile; fileRef = 668855B7277991650025247E /* TeaView.swift */; };
		668855BA277991780025247E /* AddTeaAddressView.swift in Sources */ = {isa = PBXBuildFile; fileRef = 668855B9277991780025247E /* AddTeaAddressView.swift */; };
		668855BC2779918A0025247E /* CheckOutView.swift in Sources */ = {isa = PBXBuildFile; fileRef = 668855BB2779918A0025247E /* CheckOutView.swift */; };
		66896839277EE92E00714B2C /* AddMovieView.swift in Sources */ = {isa = PBXBuildFile; fileRef = 66896838277EE92E00714B2C /* AddMovieView.swift */; };
		6689683B277EEBF300714B2C /* EmojiRatingView.swift in Sources */ = {isa = PBXBuildFile; fileRef = 6689683A277EEBF300714B2C /* EmojiRatingView.swift */; };
		6689683D277EED5800714B2C /* RatingView.swift in Sources */ = {isa = PBXBuildFile; fileRef = 6689683C277EED5800714B2C /* RatingView.swift */; };
		6689683F277EEEAF00714B2C /* MovieDetailView.swift in Sources */ = {isa = PBXBuildFile; fileRef = 6689683E277EEEAF00714B2C /* MovieDetailView.swift */; };
		668AD0B52770942C00F6EF88 /* Adam_20211220_SwiftUIStudyApp.swift in Sources */ = {isa = PBXBuildFile; fileRef = 668AD0B42770942C00F6EF88 /* Adam_20211220_SwiftUIStudyApp.swift */; };
		668AD0B72770942C00F6EF88 /* AddAddressView.swift in Sources */ = {isa = PBXBuildFile; fileRef = 668AD0B62770942C00F6EF88 /* AddAddressView.swift */; };
		668AD0B92770943100F6EF88 /* Assets.xcassets in Resources */ = {isa = PBXBuildFile; fileRef = 668AD0B82770943100F6EF88 /* Assets.xcassets */; };
		668AD0BC2770943100F6EF88 /* Preview Assets.xcassets in Resources */ = {isa = PBXBuildFile; fileRef = 668AD0BB2770943100F6EF88 /* Preview Assets.xcassets */; };
		668AD0BE2770943100F6EF88 /* Persistence.swift in Sources */ = {isa = PBXBuildFile; fileRef = 668AD0BD2770943100F6EF88 /* Persistence.swift */; };
		668AD0C12770943100F6EF88 /* Adam_20211220_SwiftUIStudy.xcdatamodeld in Sources */ = {isa = PBXBuildFile; fileRef = 668AD0BF2770943100F6EF88 /* Adam_20211220_SwiftUIStudy.xcdatamodeld */; };
		668AD0CB2770943100F6EF88 /* Adam_20211220_SwiftUIStudyTests.swift in Sources */ = {isa = PBXBuildFile; fileRef = 668AD0CA2770943100F6EF88 /* Adam_20211220_SwiftUIStudyTests.swift */; };
		668AD0D52770943100F6EF88 /* Adam_20211220_SwiftUIStudyUITests.swift in Sources */ = {isa = PBXBuildFile; fileRef = 668AD0D42770943100F6EF88 /* Adam_20211220_SwiftUIStudyUITests.swift */; };
		668AD0D72770943100F6EF88 /* Adam_20211220_SwiftUIStudyUITestsLaunchTests.swift in Sources */ = {isa = PBXBuildFile; fileRef = 668AD0D62770943100F6EF88 /* Adam_20211220_SwiftUIStudyUITestsLaunchTests.swift */; };
		66A08A952774080C00A7033D /* BaseAnimationView.swift in Sources */ = {isa = PBXBuildFile; fileRef = 66A08A942774080C00A7033D /* BaseAnimationView.swift */; };
		66A08A9727741DA700A7033D /* AnimatingBindingsView.swift in Sources */ = {isa = PBXBuildFile; fileRef = 66A08A9627741DA700A7033D /* AnimatingBindingsView.swift */; };
		66A08A9927741E0C00A7033D /* ExplictAnimationsView.swift in Sources */ = {isa = PBXBuildFile; fileRef = 66A08A9827741E0C00A7033D /* ExplictAnimationsView.swift */; };
		66A08A9B27741E4100A7033D /* MultipleImplicitAnimationView.swift in Sources */ = {isa = PBXBuildFile; fileRef = 66A08A9A27741E4100A7033D /* MultipleImplicitAnimationView.swift */; };
		66A08A9D27741E5900A7033D /* AnimatingGestureView.swift in Sources */ = {isa = PBXBuildFile; fileRef = 66A08A9C27741E5900A7033D /* AnimatingGestureView.swift */; };
		66A08A9F27741E6C00A7033D /* TransitionsView.swift in Sources */ = {isa = PBXBuildFile; fileRef = 66A08A9E27741E6C00A7033D /* TransitionsView.swift */; };
		66A08AA22774620800A7033D /* ExpensesView.swift in Sources */ = {isa = PBXBuildFile; fileRef = 66A08AA12774620800A7033D /* ExpensesView.swift */; };
		66A08AA42774629100A7033D /* AddView.swift in Sources */ = {isa = PBXBuildFile; fileRef = 66A08AA32774629100A7033D /* AddView.swift */; };
		66A08AA62774649C00A7033D /* Expenses.swift in Sources */ = {isa = PBXBuildFile; fileRef = 66A08AA52774649C00A7033D /* Expenses.swift */; };
		66A08AA927746AD200A7033D /* ShenZhouView.swift in Sources */ = {isa = PBXBuildFile; fileRef = 66A08AA827746AD200A7033D /* ShenZhouView.swift */; };
		66A08AAB27746AE000A7033D /* PlanView.swift in Sources */ = {isa = PBXBuildFile; fileRef = 66A08AAA27746AE000A7033D /* PlanView.swift */; };
		66A08AAE27746CA400A7033D /* astronauts.json in Resources */ = {isa = PBXBuildFile; fileRef = 66A08AAC27746CA400A7033D /* astronauts.json */; };
		66A08AAF27746CA400A7033D /* plans.json in Resources */ = {isa = PBXBuildFile; fileRef = 66A08AAD27746CA400A7033D /* plans.json */; };
		66A08AB227746D2500A7033D /* BundleDecodable.swift in Sources */ = {isa = PBXBuildFile; fileRef = 66A08AB127746D2500A7033D /* BundleDecodable.swift */; };
		66A08AB427746E2400A7033D /* Plan.swift in Sources */ = {isa = PBXBuildFile; fileRef = 66A08AB327746E2400A7033D /* Plan.swift */; };
/* End PBXBuildFile section */

/* Begin PBXContainerItemProxy section */
		668AD0C72770943100F6EF88 /* PBXContainerItemProxy */ = {
			isa = PBXContainerItemProxy;
			containerPortal = 668AD0A92770942C00F6EF88 /* Project object */;
			proxyType = 1;
			remoteGlobalIDString = 668AD0B02770942C00F6EF88;
			remoteInfo = Adam_20211220_SwiftUIStudy;
		};
		668AD0D12770943100F6EF88 /* PBXContainerItemProxy */ = {
			isa = PBXContainerItemProxy;
			containerPortal = 668AD0A92770942C00F6EF88 /* Project object */;
			proxyType = 1;
			remoteGlobalIDString = 668AD0B02770942C00F6EF88;
			remoteInfo = Adam_20211220_SwiftUIStudy;
		};
/* End PBXContainerItemProxy section */

/* Begin PBXFileReference section */
		66325EB9277DB2450005F5B7 /* MovieMemoView.swift */ = {isa = PBXFileReference; lastKnownFileType = sourcecode.swift; path = MovieMemoView.swift; sourceTree = "<group>"; };
		665FB40E2771D88C00048D01 /* FirstPageView.swift */ = {isa = PBXFileReference; lastKnownFileType = sourcecode.swift; path = FirstPageView.swift; sourceTree = "<group>"; };
		6660F8C22783177A0088D89E /* AttributesDefaultValueView.swift */ = {isa = PBXFileReference; lastKnownFileType = sourcecode.swift; path = AttributesDefaultValueView.swift; sourceTree = "<group>"; };
		6660F905278321FC0088D89E /* Entity1+CoreDataClass.swift */ = {isa = PBXFileReference; lastKnownFileType = sourcecode.swift; path = "Entity1+CoreDataClass.swift"; sourceTree = "<group>"; };
		6660F906278321FC0088D89E /* Entity1+CoreDataProperties.swift */ = {isa = PBXFileReference; lastKnownFileType = sourcecode.swift; path = "Entity1+CoreDataProperties.swift"; sourceTree = "<group>"; };
		6660F909278323930088D89E /* HasChangesAndConstraintsView.swift */ = {isa = PBXFileReference; lastKnownFileType = sourcecode.swift; path = HasChangesAndConstraintsView.swift; sourceTree = "<group>"; };
		6662DB362783D7EC002D3BF6 /* NSPredicateView.swift */ = {isa = PBXFileReference; lastKnownFileType = sourcecode.swift; path = NSPredicateView.swift; sourceTree = "<group>"; };
		6662DB382783DD56002D3BF6 /* RelationshipsView.swift */ = {isa = PBXFileReference; lastKnownFileType = sourcecode.swift; path = RelationshipsView.swift; sourceTree = "<group>"; };
		6662DB3E2783DF57002D3BF6 /* Author+CoreDataClass.swift */ = {isa = PBXFileReference; lastKnownFileType = sourcecode.swift; path = "Author+CoreDataClass.swift"; sourceTree = "<group>"; };
		6662DB3F2783DF57002D3BF6 /* Author+CoreDataProperties.swift */ = {isa = PBXFileReference; lastKnownFileType = sourcecode.swift; path = "Author+CoreDataProperties.swift"; sourceTree = "<group>"; };
		6662DB432783E964002D3BF6 /* UploadImageView.swift */ = {isa = PBXFileReference; lastKnownFileType = sourcecode.swift; path = UploadImageView.swift; sourceTree = "<group>"; };
		6662DB452783ED58002D3BF6 /* ImageSaver.swift */ = {isa = PBXFileReference; lastKnownFileType = sourcecode.swift; path = ImageSaver.swift; sourceTree = "<group>"; };
		6662DB472783EEFB002D3BF6 /* ImagePickerView.swift */ = {isa = PBXFileReference; lastKnownFileType = sourcecode.swift; path = ImagePickerView.swift; sourceTree = "<group>"; };
		6662DB492783F138002D3BF6 /* MapView.swift */ = {isa = PBXFileReference; lastKnownFileType = sourcecode.swift; path = MapView.swift; sourceTree = "<group>"; };
		668198702772B3DB00A784CC /* GuessFlagView.swift */ = {isa = PBXFileReference; lastKnownFileType = sourcecode.swift; path = GuessFlagView.swift; sourceTree = "<group>"; };
		668198722772F1E600A784CC /* FirstPageTCell.swift */ = {isa = PBXFileReference; lastKnownFileType = sourcecode.swift; path = FirstPageTCell.swift; sourceTree = "<group>"; };
		668198782773195800A784CC /* AboutModifierView.swift */ = {isa = PBXFileReference; lastKnownFileType = sourcecode.swift; path = AboutModifierView.swift; sourceTree = "<group>"; };
		6687B7E6277AE5F20054D542 /* AEControllerPage.swift */ = {isa = PBXFileReference; lastKnownFileType = sourcecode.swift; path = AEControllerPage.swift; sourceTree = "<group>"; };
		6687B7E9277AEB760054D542 /* AEFirstViewController.swift */ = {isa = PBXFileReference; lastKnownFileType = sourcecode.swift; path = AEFirstViewController.swift; sourceTree = "<group>"; };
		6687B7EB277AEC7C0054D542 /* WebViewPage.swift */ = {isa = PBXFileReference; lastKnownFileType = sourcecode.swift; path = WebViewPage.swift; sourceTree = "<group>"; };
		6687B7EF277AEF870054D542 /* AEWebView.swift */ = {isa = PBXFileReference; fileEncoding = 4; lastKnownFileType = sourcecode.swift; path = AEWebView.swift; sourceTree = "<group>"; };
		668855AE27794A240025247E /* AstronautView.swift */ = {isa = PBXFileReference; lastKnownFileType = sourcecode.swift; path = AstronautView.swift; sourceTree = "<group>"; };
		668855B02779521A0025247E /* Astronaut.swift */ = {isa = PBXFileReference; lastKnownFileType = sourcecode.swift; path = Astronaut.swift; sourceTree = "<group>"; };
		668855B3277991470025247E /* Order.swift */ = {isa = PBXFileReference; lastKnownFileType = sourcecode.swift; path = Order.swift; sourceTree = "<group>"; };
		668855B5277991560025247E /* GetAPIData.swift */ = {isa = PBXFileReference; lastKnownFileType = sourcecode.swift; path = GetAPIData.swift; sourceTree = "<group>"; };
		668855B7277991650025247E /* TeaView.swift */ = {isa = PBXFileReference; lastKnownFileType = sourcecode.swift; path = TeaView.swift; sourceTree = "<group>"; };
		668855B9277991780025247E /* AddTeaAddressView.swift */ = {isa = PBXFileReference; lastKnownFileType = sourcecode.swift; path = AddTeaAddressView.swift; sourceTree = "<group>"; };
		668855BB2779918A0025247E /* CheckOutView.swift */ = {isa = PBXFileReference; lastKnownFileType = sourcecode.swift; path = CheckOutView.swift; sourceTree = "<group>"; };
		66896838277EE92E00714B2C /* AddMovieView.swift */ = {isa = PBXFileReference; lastKnownFileType = sourcecode.swift; path = AddMovieView.swift; sourceTree = "<group>"; };
		6689683A277EEBF300714B2C /* EmojiRatingView.swift */ = {isa = PBXFileReference; lastKnownFileType = sourcecode.swift; path = EmojiRatingView.swift; sourceTree = "<group>"; };
		6689683C277EED5800714B2C /* RatingView.swift */ = {isa = PBXFileReference; lastKnownFileType = sourcecode.swift; path = RatingView.swift; sourceTree = "<group>"; };
		6689683E277EEEAF00714B2C /* MovieDetailView.swift */ = {isa = PBXFileReference; lastKnownFileType = sourcecode.swift; path = MovieDetailView.swift; sourceTree = "<group>"; };
		668AD0B12770942C00F6EF88 /* SwiftUIStudy.app */ = {isa = PBXFileReference; explicitFileType = wrapper.application; includeInIndex = 0; path = SwiftUIStudy.app; sourceTree = BUILT_PRODUCTS_DIR; };
		668AD0B42770942C00F6EF88 /* Adam_20211220_SwiftUIStudyApp.swift */ = {isa = PBXFileReference; lastKnownFileType = sourcecode.swift; path = Adam_20211220_SwiftUIStudyApp.swift; sourceTree = "<group>"; };
		668AD0B62770942C00F6EF88 /* AddAddressView.swift */ = {isa = PBXFileReference; lastKnownFileType = sourcecode.swift; path = AddAddressView.swift; sourceTree = "<group>"; };
		668AD0B82770943100F6EF88 /* Assets.xcassets */ = {isa = PBXFileReference; lastKnownFileType = folder.assetcatalog; path = Assets.xcassets; sourceTree = "<group>"; };
		668AD0BB2770943100F6EF88 /* Preview Assets.xcassets */ = {isa = PBXFileReference; lastKnownFileType = folder.assetcatalog; path = "Preview Assets.xcassets"; sourceTree = "<group>"; };
		668AD0BD2770943100F6EF88 /* Persistence.swift */ = {isa = PBXFileReference; lastKnownFileType = sourcecode.swift; path = Persistence.swift; sourceTree = "<group>"; };
		668AD0C02770943100F6EF88 /* Adam_20211220_SwiftUIStudy.xcdatamodel */ = {isa = PBXFileReference; lastKnownFileType = wrapper.xcdatamodel; path = Adam_20211220_SwiftUIStudy.xcdatamodel; sourceTree = "<group>"; };
		668AD0C62770943100F6EF88 /* Adam_20211220_SwiftUIStudyTests.xctest */ = {isa = PBXFileReference; explicitFileType = wrapper.cfbundle; includeInIndex = 0; path = Adam_20211220_SwiftUIStudyTests.xctest; sourceTree = BUILT_PRODUCTS_DIR; };
		668AD0CA2770943100F6EF88 /* Adam_20211220_SwiftUIStudyTests.swift */ = {isa = PBXFileReference; lastKnownFileType = sourcecode.swift; path = Adam_20211220_SwiftUIStudyTests.swift; sourceTree = "<group>"; };
		668AD0D02770943100F6EF88 /* Adam_20211220_SwiftUIStudyUITests.xctest */ = {isa = PBXFileReference; explicitFileType = wrapper.cfbundle; includeInIndex = 0; path = Adam_20211220_SwiftUIStudyUITests.xctest; sourceTree = BUILT_PRODUCTS_DIR; };
		668AD0D42770943100F6EF88 /* Adam_20211220_SwiftUIStudyUITests.swift */ = {isa = PBXFileReference; lastKnownFileType = sourcecode.swift; path = Adam_20211220_SwiftUIStudyUITests.swift; sourceTree = "<group>"; };
		668AD0D62770943100F6EF88 /* Adam_20211220_SwiftUIStudyUITestsLaunchTests.swift */ = {isa = PBXFileReference; lastKnownFileType = sourcecode.swift; path = Adam_20211220_SwiftUIStudyUITestsLaunchTests.swift; sourceTree = "<group>"; };
		66A08A942774080C00A7033D /* BaseAnimationView.swift */ = {isa = PBXFileReference; lastKnownFileType = sourcecode.swift; path = BaseAnimationView.swift; sourceTree = "<group>"; };
		66A08A9627741DA700A7033D /* AnimatingBindingsView.swift */ = {isa = PBXFileReference; lastKnownFileType = sourcecode.swift; path = AnimatingBindingsView.swift; sourceTree = "<group>"; };
		66A08A9827741E0C00A7033D /* ExplictAnimationsView.swift */ = {isa = PBXFileReference; lastKnownFileType = sourcecode.swift; path = ExplictAnimationsView.swift; sourceTree = "<group>"; };
		66A08A9A27741E4100A7033D /* MultipleImplicitAnimationView.swift */ = {isa = PBXFileReference; lastKnownFileType = sourcecode.swift; path = MultipleImplicitAnimationView.swift; sourceTree = "<group>"; };
		66A08A9C27741E5900A7033D /* AnimatingGestureView.swift */ = {isa = PBXFileReference; lastKnownFileType = sourcecode.swift; path = AnimatingGestureView.swift; sourceTree = "<group>"; };
		66A08A9E27741E6C00A7033D /* TransitionsView.swift */ = {isa = PBXFileReference; lastKnownFileType = sourcecode.swift; path = TransitionsView.swift; sourceTree = "<group>"; };
		66A08AA12774620800A7033D /* ExpensesView.swift */ = {isa = PBXFileReference; lastKnownFileType = sourcecode.swift; path = ExpensesView.swift; sourceTree = "<group>"; };
		66A08AA32774629100A7033D /* AddView.swift */ = {isa = PBXFileReference; lastKnownFileType = sourcecode.swift; path = AddView.swift; sourceTree = "<group>"; };
		66A08AA52774649C00A7033D /* Expenses.swift */ = {isa = PBXFileReference; lastKnownFileType = sourcecode.swift; path = Expenses.swift; sourceTree = "<group>"; };
		66A08AA827746AD200A7033D /* ShenZhouView.swift */ = {isa = PBXFileReference; lastKnownFileType = sourcecode.swift; path = ShenZhouView.swift; sourceTree = "<group>"; };
		66A08AAA27746AE000A7033D /* PlanView.swift */ = {isa = PBXFileReference; lastKnownFileType = sourcecode.swift; path = PlanView.swift; sourceTree = "<group>"; };
		66A08AAC27746CA400A7033D /* astronauts.json */ = {isa = PBXFileReference; fileEncoding = 4; lastKnownFileType = text.json; path = astronauts.json; sourceTree = "<group>"; };
		66A08AAD27746CA400A7033D /* plans.json */ = {isa = PBXFileReference; fileEncoding = 4; lastKnownFileType = text.json; path = plans.json; sourceTree = "<group>"; };
		66A08AB127746D2500A7033D /* BundleDecodable.swift */ = {isa = PBXFileReference; lastKnownFileType = sourcecode.swift; path = BundleDecodable.swift; sourceTree = "<group>"; };
		66A08AB327746E2400A7033D /* Plan.swift */ = {isa = PBXFileReference; lastKnownFileType = sourcecode.swift; path = Plan.swift; sourceTree = "<group>"; };
/* End PBXFileReference section */

/* Begin PBXFrameworksBuildPhase section */
		668AD0AE2770942C00F6EF88 /* Frameworks */ = {
			isa = PBXFrameworksBuildPhase;
			buildActionMask = 2147483647;
			files = (
			);
			runOnlyForDeploymentPostprocessing = 0;
		};
		668AD0C32770943100F6EF88 /* Frameworks */ = {
			isa = PBXFrameworksBuildPhase;
			buildActionMask = 2147483647;
			files = (
			);
			runOnlyForDeploymentPostprocessing = 0;
		};
		668AD0CD2770943100F6EF88 /* Frameworks */ = {
			isa = PBXFrameworksBuildPhase;
			buildActionMask = 2147483647;
			files = (
			);
			runOnlyForDeploymentPostprocessing = 0;
		};
/* End PBXFrameworksBuildPhase section */

/* Begin PBXGroup section */
		66325EB8277DB2370005F5B7 /* MovieMemo */ = {
			isa = PBXGroup;
			children = (
				66325EB9277DB2450005F5B7 /* MovieMemoView.swift */,
				6689683A277EEBF300714B2C /* EmojiRatingView.swift */,
				66896838277EE92E00714B2C /* AddMovieView.swift */,
				6689683E277EEEAF00714B2C /* MovieDetailView.swift */,
				6689683C277EED5800714B2C /* RatingView.swift */,
			);
			path = MovieMemo;
			sourceTree = "<group>";
		};
		6660F8BD278316820088D89E /* About CoreData */ = {
			isa = PBXGroup;
			children = (
				6662DB3E2783DF57002D3BF6 /* Author+CoreDataClass.swift */,
				6662DB3F2783DF57002D3BF6 /* Author+CoreDataProperties.swift */,
				6660F905278321FC0088D89E /* Entity1+CoreDataClass.swift */,
				6660F906278321FC0088D89E /* Entity1+CoreDataProperties.swift */,
				6660F8C22783177A0088D89E /* AttributesDefaultValueView.swift */,
				6660F909278323930088D89E /* HasChangesAndConstraintsView.swift */,
				6662DB362783D7EC002D3BF6 /* NSPredicateView.swift */,
				6662DB382783DD56002D3BF6 /* RelationshipsView.swift */,
			);
			path = "About CoreData";
			sourceTree = "<group>";
		};
		6662DB422783E8FF002D3BF6 /* WorkingWithUIKit */ = {
			isa = PBXGroup;
			children = (
				6662DB432783E964002D3BF6 /* UploadImageView.swift */,
				6662DB472783EEFB002D3BF6 /* ImagePickerView.swift */,
				6662DB452783ED58002D3BF6 /* ImageSaver.swift */,
				6662DB492783F138002D3BF6 /* MapView.swift */,
			);
			path = WorkingWithUIKit;
			sourceTree = "<group>";
		};
		668198742773158700A784CC /* Classes */ = {
			isa = PBXGroup;
			children = (
				66819877277315FA00A784CC /* StudyPage */,
				66819876277315C600A784CC /* Resources */,
				66819875277315B300A784CC /* FirstPage */,
				66A08AB027746D0700A7033D /* Utils */,
			);
			path = Classes;
			sourceTree = "<group>";
		};
		66819875277315B300A784CC /* FirstPage */ = {
			isa = PBXGroup;
			children = (
				665FB40E2771D88C00048D01 /* FirstPageView.swift */,
				668198722772F1E600A784CC /* FirstPageTCell.swift */,
			);
			path = FirstPage;
			sourceTree = "<group>";
		};
		66819876277315C600A784CC /* Resources */ = {
			isa = PBXGroup;
			children = (
				668AD0B42770942C00F6EF88 /* Adam_20211220_SwiftUIStudyApp.swift */,
				668AD0B82770943100F6EF88 /* Assets.xcassets */,
				668AD0BF2770943100F6EF88 /* Adam_20211220_SwiftUIStudy.xcdatamodeld */,
				668AD0BD2770943100F6EF88 /* Persistence.swift */,
			);
			path = Resources;
			sourceTree = "<group>";
		};
		66819877277315FA00A784CC /* StudyPage */ = {
			isa = PBXGroup;
			children = (
				668AD0B62770942C00F6EF88 /* AddAddressView.swift */,
				668198702772B3DB00A784CC /* GuessFlagView.swift */,
				668198782773195800A784CC /* AboutModifierView.swift */,
				6662DB422783E8FF002D3BF6 /* WorkingWithUIKit */,
				6660F8BD278316820088D89E /* About CoreData */,
				66325EB8277DB2370005F5B7 /* MovieMemo */,
				6687B7E8277AE7400054D542 /* AboutUIKit */,
				668855B22779911F0025247E /* TeaView */,
				66A08A93277407EE00A7033D /* Animations */,
				66A08AA0277461ED00A7033D /* Expenses */,
				66A08AA727746A9400A7033D /* ShenZhou */,
			);
			path = StudyPage;
			sourceTree = "<group>";
		};
		6687B7E8277AE7400054D542 /* AboutUIKit */ = {
			isa = PBXGroup;
			children = (
				6687B7E6277AE5F20054D542 /* AEControllerPage.swift */,
				6687B7E9277AEB760054D542 /* AEFirstViewController.swift */,
				6687B7EB277AEC7C0054D542 /* WebViewPage.swift */,
				6687B7EF277AEF870054D542 /* AEWebView.swift */,
			);
			path = AboutUIKit;
			sourceTree = "<group>";
		};
		668855B22779911F0025247E /* TeaView */ = {
			isa = PBXGroup;
			children = (
				668855B7277991650025247E /* TeaView.swift */,
				668855B3277991470025247E /* Order.swift */,
				668855B5277991560025247E /* GetAPIData.swift */,
				668855B9277991780025247E /* AddTeaAddressView.swift */,
				668855BB2779918A0025247E /* CheckOutView.swift */,
			);
			path = TeaView;
			sourceTree = "<group>";
		};
		668AD0A82770942C00F6EF88 = {
			isa = PBXGroup;
			children = (
				668AD0B32770942C00F6EF88 /* Adam_20211220_SwiftUIStudy */,
				668AD0C92770943100F6EF88 /* Adam_20211220_SwiftUIStudyTests */,
				668AD0D32770943100F6EF88 /* Adam_20211220_SwiftUIStudyUITests */,
				668AD0B22770942C00F6EF88 /* Products */,
			);
			sourceTree = "<group>";
		};
		668AD0B22770942C00F6EF88 /* Products */ = {
			isa = PBXGroup;
			children = (
				668AD0B12770942C00F6EF88 /* SwiftUIStudy.app */,
				668AD0C62770943100F6EF88 /* Adam_20211220_SwiftUIStudyTests.xctest */,
				668AD0D02770943100F6EF88 /* Adam_20211220_SwiftUIStudyUITests.xctest */,
			);
			name = Products;
			sourceTree = "<group>";
		};
		668AD0B32770942C00F6EF88 /* Adam_20211220_SwiftUIStudy */ = {
			isa = PBXGroup;
			children = (
				668198742773158700A784CC /* Classes */,
				668AD0BA2770943100F6EF88 /* Preview Content */,
			);
			path = Adam_20211220_SwiftUIStudy;
			sourceTree = "<group>";
		};
		668AD0BA2770943100F6EF88 /* Preview Content */ = {
			isa = PBXGroup;
			children = (
				668AD0BB2770943100F6EF88 /* Preview Assets.xcassets */,
			);
			path = "Preview Content";
			sourceTree = "<group>";
		};
		668AD0C92770943100F6EF88 /* Adam_20211220_SwiftUIStudyTests */ = {
			isa = PBXGroup;
			children = (
				668AD0CA2770943100F6EF88 /* Adam_20211220_SwiftUIStudyTests.swift */,
			);
			path = Adam_20211220_SwiftUIStudyTests;
			sourceTree = "<group>";
		};
		668AD0D32770943100F6EF88 /* Adam_20211220_SwiftUIStudyUITests */ = {
			isa = PBXGroup;
			children = (
				668AD0D42770943100F6EF88 /* Adam_20211220_SwiftUIStudyUITests.swift */,
				668AD0D62770943100F6EF88 /* Adam_20211220_SwiftUIStudyUITestsLaunchTests.swift */,
			);
			path = Adam_20211220_SwiftUIStudyUITests;
			sourceTree = "<group>";
		};
		66A08A93277407EE00A7033D /* Animations */ = {
			isa = PBXGroup;
			children = (
				66A08A942774080C00A7033D /* BaseAnimationView.swift */,
				66A08A9627741DA700A7033D /* AnimatingBindingsView.swift */,
				66A08A9827741E0C00A7033D /* ExplictAnimationsView.swift */,
				66A08A9A27741E4100A7033D /* MultipleImplicitAnimationView.swift */,
				66A08A9C27741E5900A7033D /* AnimatingGestureView.swift */,
				66A08A9E27741E6C00A7033D /* TransitionsView.swift */,
			);
			path = Animations;
			sourceTree = "<group>";
		};
		66A08AA0277461ED00A7033D /* Expenses */ = {
			isa = PBXGroup;
			children = (
				66A08AA12774620800A7033D /* ExpensesView.swift */,
				66A08AA52774649C00A7033D /* Expenses.swift */,
				66A08AA32774629100A7033D /* AddView.swift */,
			);
			path = Expenses;
			sourceTree = "<group>";
		};
		66A08AA727746A9400A7033D /* ShenZhou */ = {
			isa = PBXGroup;
			children = (
				66A08AA827746AD200A7033D /* ShenZhouView.swift */,
				66A08AAA27746AE000A7033D /* PlanView.swift */,
				668855AE27794A240025247E /* AstronautView.swift */,
				66A08AB327746E2400A7033D /* Plan.swift */,
				668855B02779521A0025247E /* Astronaut.swift */,
				66A08AAC27746CA400A7033D /* astronauts.json */,
				66A08AAD27746CA400A7033D /* plans.json */,
			);
			path = ShenZhou;
			sourceTree = "<group>";
		};
		66A08AB027746D0700A7033D /* Utils */ = {
			isa = PBXGroup;
			children = (
				66A08AB127746D2500A7033D /* BundleDecodable.swift */,
			);
			path = Utils;
			sourceTree = "<group>";
		};
/* End PBXGroup section */

/* Begin PBXNativeTarget section */
		668AD0B02770942C00F6EF88 /* Adam_20211220_SwiftUIStudy */ = {
			isa = PBXNativeTarget;
			buildConfigurationList = 668AD0DA2770943100F6EF88 /* Build configuration list for PBXNativeTarget "Adam_20211220_SwiftUIStudy" */;
			buildPhases = (
				668AD0AD2770942C00F6EF88 /* Sources */,
				668AD0AE2770942C00F6EF88 /* Frameworks */,
				668AD0AF2770942C00F6EF88 /* Resources */,
			);
			buildRules = (
			);
			dependencies = (
			);
			name = Adam_20211220_SwiftUIStudy;
			productName = Adam_20211220_SwiftUIStudy;
			productReference = 668AD0B12770942C00F6EF88 /* SwiftUIStudy.app */;
			productType = "com.apple.product-type.application";
		};
		668AD0C52770943100F6EF88 /* Adam_20211220_SwiftUIStudyTests */ = {
			isa = PBXNativeTarget;
			buildConfigurationList = 668AD0DD2770943100F6EF88 /* Build configuration list for PBXNativeTarget "Adam_20211220_SwiftUIStudyTests" */;
			buildPhases = (
				668AD0C22770943100F6EF88 /* Sources */,
				668AD0C32770943100F6EF88 /* Frameworks */,
				668AD0C42770943100F6EF88 /* Resources */,
			);
			buildRules = (
			);
			dependencies = (
				668AD0C82770943100F6EF88 /* PBXTargetDependency */,
			);
			name = Adam_20211220_SwiftUIStudyTests;
			productName = Adam_20211220_SwiftUIStudyTests;
			productReference = 668AD0C62770943100F6EF88 /* Adam_20211220_SwiftUIStudyTests.xctest */;
			productType = "com.apple.product-type.bundle.unit-test";
		};
		668AD0CF2770943100F6EF88 /* Adam_20211220_SwiftUIStudyUITests */ = {
			isa = PBXNativeTarget;
			buildConfigurationList = 668AD0E02770943100F6EF88 /* Build configuration list for PBXNativeTarget "Adam_20211220_SwiftUIStudyUITests" */;
			buildPhases = (
				668AD0CC2770943100F6EF88 /* Sources */,
				668AD0CD2770943100F6EF88 /* Frameworks */,
				668AD0CE2770943100F6EF88 /* Resources */,
			);
			buildRules = (
			);
			dependencies = (
				668AD0D22770943100F6EF88 /* PBXTargetDependency */,
			);
			name = Adam_20211220_SwiftUIStudyUITests;
			productName = Adam_20211220_SwiftUIStudyUITests;
			productReference = 668AD0D02770943100F6EF88 /* Adam_20211220_SwiftUIStudyUITests.xctest */;
			productType = "com.apple.product-type.bundle.ui-testing";
		};
/* End PBXNativeTarget section */

/* Begin PBXProject section */
		668AD0A92770942C00F6EF88 /* Project object */ = {
			isa = PBXProject;
			attributes = {
				BuildIndependentTargetsInParallel = 1;
				LastSwiftUpdateCheck = 1320;
				LastUpgradeCheck = 1320;
				TargetAttributes = {
					668AD0B02770942C00F6EF88 = {
						CreatedOnToolsVersion = 13.2;
					};
					668AD0C52770943100F6EF88 = {
						CreatedOnToolsVersion = 13.2;
						TestTargetID = 668AD0B02770942C00F6EF88;
					};
					668AD0CF2770943100F6EF88 = {
						CreatedOnToolsVersion = 13.2;
						TestTargetID = 668AD0B02770942C00F6EF88;
					};
				};
			};
			buildConfigurationList = 668AD0AC2770942C00F6EF88 /* Build configuration list for PBXProject "Adam_20211220_SwiftUIStudy" */;
			compatibilityVersion = "Xcode 13.0";
			developmentRegion = en;
			hasScannedForEncodings = 0;
			knownRegions = (
				en,
				Base,
			);
			mainGroup = 668AD0A82770942C00F6EF88;
			productRefGroup = 668AD0B22770942C00F6EF88 /* Products */;
			projectDirPath = "";
			projectRoot = "";
			targets = (
				668AD0B02770942C00F6EF88 /* Adam_20211220_SwiftUIStudy */,
				668AD0C52770943100F6EF88 /* Adam_20211220_SwiftUIStudyTests */,
				668AD0CF2770943100F6EF88 /* Adam_20211220_SwiftUIStudyUITests */,
			);
		};
/* End PBXProject section */

/* Begin PBXResourcesBuildPhase section */
		668AD0AF2770942C00F6EF88 /* Resources */ = {
			isa = PBXResourcesBuildPhase;
			buildActionMask = 2147483647;
			files = (
				66A08AAF27746CA400A7033D /* plans.json in Resources */,
				66A08AAE27746CA400A7033D /* astronauts.json in Resources */,
				668AD0BC2770943100F6EF88 /* Preview Assets.xcassets in Resources */,
				668AD0B92770943100F6EF88 /* Assets.xcassets in Resources */,
			);
			runOnlyForDeploymentPostprocessing = 0;
		};
		668AD0C42770943100F6EF88 /* Resources */ = {
			isa = PBXResourcesBuildPhase;
			buildActionMask = 2147483647;
			files = (
			);
			runOnlyForDeploymentPostprocessing = 0;
		};
		668AD0CE2770943100F6EF88 /* Resources */ = {
			isa = PBXResourcesBuildPhase;
			buildActionMask = 2147483647;
			files = (
			);
			runOnlyForDeploymentPostprocessing = 0;
		};
/* End PBXResourcesBuildPhase section */

/* Begin PBXSourcesBuildPhase section */
		668AD0AD2770942C00F6EF88 /* Sources */ = {
			isa = PBXSourcesBuildPhase;
			buildActionMask = 2147483647;
			files = (
				66A08A9B27741E4100A7033D /* MultipleImplicitAnimationView.swift in Sources */,
				668855B8277991650025247E /* TeaView.swift in Sources */,
				66A08A9D27741E5900A7033D /* AnimatingGestureView.swift in Sources */,
				6662DB442783E964002D3BF6 /* UploadImageView.swift in Sources */,
				6662DB392783DD56002D3BF6 /* RelationshipsView.swift in Sources */,
				6689683D277EED5800714B2C /* RatingView.swift in Sources */,
				66A08AB427746E2400A7033D /* Plan.swift in Sources */,
				66325EBA277DB2450005F5B7 /* MovieMemoView.swift in Sources */,
				66A08A9927741E0C00A7033D /* ExplictAnimationsView.swift in Sources */,
				668198732772F1E600A784CC /* FirstPageTCell.swift in Sources */,
				66A08AAB27746AE000A7033D /* PlanView.swift in Sources */,
				668855AF27794A240025247E /* AstronautView.swift in Sources */,
				66A08A9727741DA700A7033D /* AnimatingBindingsView.swift in Sources */,
				6687B7F0277AEF870054D542 /* AEWebView.swift in Sources */,
				6662DB4A2783F138002D3BF6 /* MapView.swift in Sources */,
				6660F8C32783177A0088D89E /* AttributesDefaultValueView.swift in Sources */,
				668855B12779521A0025247E /* Astronaut.swift in Sources */,
				665FB40F2771D88C00048D01 /* FirstPageView.swift in Sources */,
				6662DB462783ED58002D3BF6 /* ImageSaver.swift in Sources */,
				6660F90A278323930088D89E /* HasChangesAndConstraintsView.swift in Sources */,
				6687B7EC277AEC7C0054D542 /* WebViewPage.swift in Sources */,
				668AD0BE2770943100F6EF88 /* Persistence.swift in Sources */,
				668AD0B72770942C00F6EF88 /* AddAddressView.swift in Sources */,
				66A08AB227746D2500A7033D /* BundleDecodable.swift in Sources */,
				66A08AA927746AD200A7033D /* ShenZhouView.swift in Sources */,
				668855B6277991560025247E /* GetAPIData.swift in Sources */,
				6687B7EA277AEB760054D542 /* AEFirstViewController.swift in Sources */,
				6662DB372783D7EC002D3BF6 /* NSPredicateView.swift in Sources */,
				668AD0C12770943100F6EF88 /* Adam_20211220_SwiftUIStudy.xcdatamodeld in Sources */,
				6662DB482783EEFB002D3BF6 /* ImagePickerView.swift in Sources */,
				66A08AA62774649C00A7033D /* Expenses.swift in Sources */,
				668198712772B3DB00A784CC /* GuessFlagView.swift in Sources */,
				6687B7E7277AE5F20054D542 /* AEControllerPage.swift in Sources */,
				668AD0B52770942C00F6EF88 /* Adam_20211220_SwiftUIStudyApp.swift in Sources */,
				668855BA277991780025247E /* AddTeaAddressView.swift in Sources */,
				668855B4277991470025247E /* Order.swift in Sources */,
				6689683F277EEEAF00714B2C /* MovieDetailView.swift in Sources */,
				668855BC2779918A0025247E /* CheckOutView.swift in Sources */,
				66A08A952774080C00A7033D /* BaseAnimationView.swift in Sources */,
				6660F908278321FC0088D89E /* Entity1+CoreDataProperties.swift in Sources */,
				66896839277EE92E00714B2C /* AddMovieView.swift in Sources */,
				6660F907278321FC0088D89E /* Entity1+CoreDataClass.swift in Sources */,
				6662DB412783DF57002D3BF6 /* Author+CoreDataProperties.swift in Sources */,
				6689683B277EEBF300714B2C /* EmojiRatingView.swift in Sources */,
				66A08AA42774629100A7033D /* AddView.swift in Sources */,
				6662DB402783DF57002D3BF6 /* Author+CoreDataClass.swift in Sources */,
				668198792773195800A784CC /* AboutModifierView.swift in Sources */,
				66A08AA22774620800A7033D /* ExpensesView.swift in Sources */,
				66A08A9F27741E6C00A7033D /* TransitionsView.swift in Sources */,
			);
			runOnlyForDeploymentPostprocessing = 0;
		};
		668AD0C22770943100F6EF88 /* Sources */ = {
			isa = PBXSourcesBuildPhase;
			buildActionMask = 2147483647;
			files = (
				668AD0CB2770943100F6EF88 /* Adam_20211220_SwiftUIStudyTests.swift in Sources */,
			);
			runOnlyForDeploymentPostprocessing = 0;
		};
		668AD0CC2770943100F6EF88 /* Sources */ = {
			isa = PBXSourcesBuildPhase;
			buildActionMask = 2147483647;
			files = (
				668AD0D52770943100F6EF88 /* Adam_20211220_SwiftUIStudyUITests.swift in Sources */,
				668AD0D72770943100F6EF88 /* Adam_20211220_SwiftUIStudyUITestsLaunchTests.swift in Sources */,
			);
			runOnlyForDeploymentPostprocessing = 0;
		};
/* End PBXSourcesBuildPhase section */

/* Begin PBXTargetDependency section */
		668AD0C82770943100F6EF88 /* PBXTargetDependency */ = {
			isa = PBXTargetDependency;
			target = 668AD0B02770942C00F6EF88 /* Adam_20211220_SwiftUIStudy */;
			targetProxy = 668AD0C72770943100F6EF88 /* PBXContainerItemProxy */;
		};
		668AD0D22770943100F6EF88 /* PBXTargetDependency */ = {
			isa = PBXTargetDependency;
			target = 668AD0B02770942C00F6EF88 /* Adam_20211220_SwiftUIStudy */;
			targetProxy = 668AD0D12770943100F6EF88 /* PBXContainerItemProxy */;
		};
/* End PBXTargetDependency section */

/* Begin XCBuildConfiguration section */
		668AD0D82770943100F6EF88 /* Debug */ = {
			isa = XCBuildConfiguration;
			buildSettings = {
				ALWAYS_SEARCH_USER_PATHS = NO;
				CLANG_ANALYZER_NONNULL = YES;
				CLANG_ANALYZER_NUMBER_OBJECT_CONVERSION = YES_AGGRESSIVE;
				CLANG_CXX_LANGUAGE_STANDARD = "gnu++17";
				CLANG_CXX_LIBRARY = "libc++";
				CLANG_ENABLE_MODULES = YES;
				CLANG_ENABLE_OBJC_ARC = YES;
				CLANG_ENABLE_OBJC_WEAK = YES;
				CLANG_WARN_BLOCK_CAPTURE_AUTORELEASING = YES;
				CLANG_WARN_BOOL_CONVERSION = YES;
				CLANG_WARN_COMMA = YES;
				CLANG_WARN_CONSTANT_CONVERSION = YES;
				CLANG_WARN_DEPRECATED_OBJC_IMPLEMENTATIONS = YES;
				CLANG_WARN_DIRECT_OBJC_ISA_USAGE = YES_ERROR;
				CLANG_WARN_DOCUMENTATION_COMMENTS = YES;
				CLANG_WARN_EMPTY_BODY = YES;
				CLANG_WARN_ENUM_CONVERSION = YES;
				CLANG_WARN_INFINITE_RECURSION = YES;
				CLANG_WARN_INT_CONVERSION = YES;
				CLANG_WARN_NON_LITERAL_NULL_CONVERSION = YES;
				CLANG_WARN_OBJC_IMPLICIT_RETAIN_SELF = YES;
				CLANG_WARN_OBJC_LITERAL_CONVERSION = YES;
				CLANG_WARN_OBJC_ROOT_CLASS = YES_ERROR;
				CLANG_WARN_QUOTED_INCLUDE_IN_FRAMEWORK_HEADER = YES;
				CLANG_WARN_RANGE_LOOP_ANALYSIS = YES;
				CLANG_WARN_STRICT_PROTOTYPES = YES;
				CLANG_WARN_SUSPICIOUS_MOVE = YES;
				CLANG_WARN_UNGUARDED_AVAILABILITY = YES_AGGRESSIVE;
				CLANG_WARN_UNREACHABLE_CODE = YES;
				CLANG_WARN__DUPLICATE_METHOD_MATCH = YES;
				COPY_PHASE_STRIP = NO;
				DEBUG_INFORMATION_FORMAT = dwarf;
				ENABLE_STRICT_OBJC_MSGSEND = YES;
				ENABLE_TESTABILITY = YES;
				GCC_C_LANGUAGE_STANDARD = gnu11;
				GCC_DYNAMIC_NO_PIC = NO;
				GCC_NO_COMMON_BLOCKS = YES;
				GCC_OPTIMIZATION_LEVEL = 0;
				GCC_PREPROCESSOR_DEFINITIONS = (
					"DEBUG=1",
					"$(inherited)",
				);
				GCC_WARN_64_TO_32_BIT_CONVERSION = YES;
				GCC_WARN_ABOUT_RETURN_TYPE = YES_ERROR;
				GCC_WARN_UNDECLARED_SELECTOR = YES;
				GCC_WARN_UNINITIALIZED_AUTOS = YES_AGGRESSIVE;
				GCC_WARN_UNUSED_FUNCTION = YES;
				GCC_WARN_UNUSED_VARIABLE = YES;
				IPHONEOS_DEPLOYMENT_TARGET = 14.0;
				MTL_ENABLE_DEBUG_INFO = INCLUDE_SOURCE;
				MTL_FAST_MATH = YES;
				ONLY_ACTIVE_ARCH = YES;
				SDKROOT = iphoneos;
				SWIFT_ACTIVE_COMPILATION_CONDITIONS = DEBUG;
				SWIFT_OPTIMIZATION_LEVEL = "-Onone";
			};
			name = Debug;
		};
		668AD0D92770943100F6EF88 /* Release */ = {
			isa = XCBuildConfiguration;
			buildSettings = {
				ALWAYS_SEARCH_USER_PATHS = NO;
				CLANG_ANALYZER_NONNULL = YES;
				CLANG_ANALYZER_NUMBER_OBJECT_CONVERSION = YES_AGGRESSIVE;
				CLANG_CXX_LANGUAGE_STANDARD = "gnu++17";
				CLANG_CXX_LIBRARY = "libc++";
				CLANG_ENABLE_MODULES = YES;
				CLANG_ENABLE_OBJC_ARC = YES;
				CLANG_ENABLE_OBJC_WEAK = YES;
				CLANG_WARN_BLOCK_CAPTURE_AUTORELEASING = YES;
				CLANG_WARN_BOOL_CONVERSION = YES;
				CLANG_WARN_COMMA = YES;
				CLANG_WARN_CONSTANT_CONVERSION = YES;
				CLANG_WARN_DEPRECATED_OBJC_IMPLEMENTATIONS = YES;
				CLANG_WARN_DIRECT_OBJC_ISA_USAGE = YES_ERROR;
				CLANG_WARN_DOCUMENTATION_COMMENTS = YES;
				CLANG_WARN_EMPTY_BODY = YES;
				CLANG_WARN_ENUM_CONVERSION = YES;
				CLANG_WARN_INFINITE_RECURSION = YES;
				CLANG_WARN_INT_CONVERSION = YES;
				CLANG_WARN_NON_LITERAL_NULL_CONVERSION = YES;
				CLANG_WARN_OBJC_IMPLICIT_RETAIN_SELF = YES;
				CLANG_WARN_OBJC_LITERAL_CONVERSION = YES;
				CLANG_WARN_OBJC_ROOT_CLASS = YES_ERROR;
				CLANG_WARN_QUOTED_INCLUDE_IN_FRAMEWORK_HEADER = YES;
				CLANG_WARN_RANGE_LOOP_ANALYSIS = YES;
				CLANG_WARN_STRICT_PROTOTYPES = YES;
				CLANG_WARN_SUSPICIOUS_MOVE = YES;
				CLANG_WARN_UNGUARDED_AVAILABILITY = YES_AGGRESSIVE;
				CLANG_WARN_UNREACHABLE_CODE = YES;
				CLANG_WARN__DUPLICATE_METHOD_MATCH = YES;
				COPY_PHASE_STRIP = NO;
				DEBUG_INFORMATION_FORMAT = "dwarf-with-dsym";
				ENABLE_NS_ASSERTIONS = NO;
				ENABLE_STRICT_OBJC_MSGSEND = YES;
				GCC_C_LANGUAGE_STANDARD = gnu11;
				GCC_NO_COMMON_BLOCKS = YES;
				GCC_WARN_64_TO_32_BIT_CONVERSION = YES;
				GCC_WARN_ABOUT_RETURN_TYPE = YES_ERROR;
				GCC_WARN_UNDECLARED_SELECTOR = YES;
				GCC_WARN_UNINITIALIZED_AUTOS = YES_AGGRESSIVE;
				GCC_WARN_UNUSED_FUNCTION = YES;
				GCC_WARN_UNUSED_VARIABLE = YES;
				IPHONEOS_DEPLOYMENT_TARGET = 14.0;
				MTL_ENABLE_DEBUG_INFO = NO;
				MTL_FAST_MATH = YES;
				SDKROOT = iphoneos;
				SWIFT_COMPILATION_MODE = wholemodule;
				SWIFT_OPTIMIZATION_LEVEL = "-O";
				VALIDATE_PRODUCT = YES;
			};
			name = Release;
		};
		668AD0DB2770943100F6EF88 /* Debug */ = {
			isa = XCBuildConfiguration;
			buildSettings = {
				ASSETCATALOG_COMPILER_APPICON_NAME = AppIcon;
				ASSETCATALOG_COMPILER_GLOBAL_ACCENT_COLOR_NAME = AccentColor;
				CODE_SIGN_STYLE = Automatic;
				CURRENT_PROJECT_VERSION = 1;
				DEVELOPMENT_ASSET_PATHS = "\"Adam_20211220_SwiftUIStudy/Preview Content\"";
				DEVELOPMENT_TEAM = N2KQ965WEJ;
				ENABLE_PREVIEWS = YES;
				GENERATE_INFOPLIST_FILE = YES;
				INFOPLIST_KEY_NSPhotoLibraryAddUsageDescription = "";
				INFOPLIST_KEY_UIApplicationSceneManifest_Generation = YES;
				INFOPLIST_KEY_UIApplicationSupportsIndirectInputEvents = YES;
				INFOPLIST_KEY_UILaunchScreen_Generation = YES;
				INFOPLIST_KEY_UISupportedInterfaceOrientations_iPad = "UIInterfaceOrientationPortrait UIInterfaceOrientationPortraitUpsideDown UIInterfaceOrientationLandscapeLeft UIInterfaceOrientationLandscapeRight";
				INFOPLIST_KEY_UISupportedInterfaceOrientations_iPhone = "UIInterfaceOrientationPortrait UIInterfaceOrientationLandscapeLeft UIInterfaceOrientationLandscapeRight";
				IPHONEOS_DEPLOYMENT_TARGET = 14.0;
				LD_RUNPATH_SEARCH_PATHS = (
					"$(inherited)",
					"@executable_path/Frameworks",
				);
				MARKETING_VERSION = 1.0;
				PRODUCT_BUNDLE_IDENTIFIER = "com.adam.Adam-20211220-SwiftUIStudy";
				PRODUCT_NAME = SwiftUIStudy;
				SWIFT_COMPILATION_MODE = wholemodule;
				SWIFT_EMIT_LOC_STRINGS = YES;
				SWIFT_VERSION = 5.0;
				TARGETED_DEVICE_FAMILY = "1,2";
			};
			name = Debug;
		};
		668AD0DC2770943100F6EF88 /* Release */ = {
			isa = XCBuildConfiguration;
			buildSettings = {
				ASSETCATALOG_COMPILER_APPICON_NAME = AppIcon;
				ASSETCATALOG_COMPILER_GLOBAL_ACCENT_COLOR_NAME = AccentColor;
				CODE_SIGN_STYLE = Automatic;
				CURRENT_PROJECT_VERSION = 1;
				DEVELOPMENT_ASSET_PATHS = "\"Adam_20211220_SwiftUIStudy/Preview Content\"";
				DEVELOPMENT_TEAM = N2KQ965WEJ;
				ENABLE_PREVIEWS = YES;
				GENERATE_INFOPLIST_FILE = YES;
				INFOPLIST_KEY_NSPhotoLibraryAddUsageDescription = "";
				INFOPLIST_KEY_UIApplicationSceneManifest_Generation = YES;
				INFOPLIST_KEY_UIApplicationSupportsIndirectInputEvents = YES;
				INFOPLIST_KEY_UILaunchScreen_Generation = YES;
				INFOPLIST_KEY_UISupportedInterfaceOrientations_iPad = "UIInterfaceOrientationPortrait UIInterfaceOrientationPortraitUpsideDown UIInterfaceOrientationLandscapeLeft UIInterfaceOrientationLandscapeRight";
				INFOPLIST_KEY_UISupportedInterfaceOrientations_iPhone = "UIInterfaceOrientationPortrait UIInterfaceOrientationLandscapeLeft UIInterfaceOrientationLandscapeRight";
				IPHONEOS_DEPLOYMENT_TARGET = 14.0;
				LD_RUNPATH_SEARCH_PATHS = (
					"$(inherited)",
					"@executable_path/Frameworks",
				);
				MARKETING_VERSION = 1.0;
				PRODUCT_BUNDLE_IDENTIFIER = "com.adam.Adam-20211220-SwiftUIStudy";
				PRODUCT_NAME = SwiftUIStudy;
				SWIFT_EMIT_LOC_STRINGS = YES;
				SWIFT_VERSION = 5.0;
				TARGETED_DEVICE_FAMILY = "1,2";
			};
			name = Release;
		};
		668AD0DE2770943100F6EF88 /* Debug */ = {
			isa = XCBuildConfiguration;
			buildSettings = {
				ALWAYS_EMBED_SWIFT_STANDARD_LIBRARIES = YES;
				BUNDLE_LOADER = "$(TEST_HOST)";
				CODE_SIGN_STYLE = Automatic;
				CURRENT_PROJECT_VERSION = 1;
				DEVELOPMENT_TEAM = N2KQ965WEJ;
				GENERATE_INFOPLIST_FILE = YES;
				IPHONEOS_DEPLOYMENT_TARGET = 14.0;
				MARKETING_VERSION = 1.0;
				PRODUCT_BUNDLE_IDENTIFIER = "com.adam.Adam-20211220-SwiftUIStudyTests";
				PRODUCT_NAME = "$(TARGET_NAME)";
				SWIFT_COMPILATION_MODE = wholemodule;
				SWIFT_EMIT_LOC_STRINGS = NO;
				SWIFT_VERSION = 5.0;
				TARGETED_DEVICE_FAMILY = "1,2";
				TEST_HOST = "$(BUILT_PRODUCTS_DIR)/Adam_20211220_SwiftUIStudy.app/Adam_20211220_SwiftUIStudy";
			};
			name = Debug;
		};
		668AD0DF2770943100F6EF88 /* Release */ = {
			isa = XCBuildConfiguration;
			buildSettings = {
				ALWAYS_EMBED_SWIFT_STANDARD_LIBRARIES = YES;
				BUNDLE_LOADER = "$(TEST_HOST)";
				CODE_SIGN_STYLE = Automatic;
				CURRENT_PROJECT_VERSION = 1;
				DEVELOPMENT_TEAM = N2KQ965WEJ;
				GENERATE_INFOPLIST_FILE = YES;
				IPHONEOS_DEPLOYMENT_TARGET = 14.0;
				MARKETING_VERSION = 1.0;
				PRODUCT_BUNDLE_IDENTIFIER = "com.adam.Adam-20211220-SwiftUIStudyTests";
				PRODUCT_NAME = "$(TARGET_NAME)";
				SWIFT_EMIT_LOC_STRINGS = NO;
				SWIFT_VERSION = 5.0;
				TARGETED_DEVICE_FAMILY = "1,2";
				TEST_HOST = "$(BUILT_PRODUCTS_DIR)/Adam_20211220_SwiftUIStudy.app/Adam_20211220_SwiftUIStudy";
			};
			name = Release;
		};
		668AD0E12770943100F6EF88 /* Debug */ = {
			isa = XCBuildConfiguration;
			buildSettings = {
				ALWAYS_EMBED_SWIFT_STANDARD_LIBRARIES = YES;
				CODE_SIGN_STYLE = Automatic;
				CURRENT_PROJECT_VERSION = 1;
				DEVELOPMENT_TEAM = N2KQ965WEJ;
				GENERATE_INFOPLIST_FILE = YES;
				MARKETING_VERSION = 1.0;
				PRODUCT_BUNDLE_IDENTIFIER = "com.adam.Adam-20211220-SwiftUIStudyUITests";
				PRODUCT_NAME = "$(TARGET_NAME)";
				SWIFT_EMIT_LOC_STRINGS = NO;
				SWIFT_VERSION = 5.0;
				TARGETED_DEVICE_FAMILY = "1,2";
				TEST_TARGET_NAME = Adam_20211220_SwiftUIStudy;
			};
			name = Debug;
		};
		668AD0E22770943100F6EF88 /* Release */ = {
			isa = XCBuildConfiguration;
			buildSettings = {
				ALWAYS_EMBED_SWIFT_STANDARD_LIBRARIES = YES;
				CODE_SIGN_STYLE = Automatic;
				CURRENT_PROJECT_VERSION = 1;
				DEVELOPMENT_TEAM = N2KQ965WEJ;
				GENERATE_INFOPLIST_FILE = YES;
				MARKETING_VERSION = 1.0;
				PRODUCT_BUNDLE_IDENTIFIER = "com.adam.Adam-20211220-SwiftUIStudyUITests";
				PRODUCT_NAME = "$(TARGET_NAME)";
				SWIFT_EMIT_LOC_STRINGS = NO;
				SWIFT_VERSION = 5.0;
				TARGETED_DEVICE_FAMILY = "1,2";
				TEST_TARGET_NAME = Adam_20211220_SwiftUIStudy;
			};
			name = Release;
		};
/* End XCBuildConfiguration section */

/* Begin XCConfigurationList section */
		668AD0AC2770942C00F6EF88 /* Build configuration list for PBXProject "Adam_20211220_SwiftUIStudy" */ = {
			isa = XCConfigurationList;
			buildConfigurations = (
				668AD0D82770943100F6EF88 /* Debug */,
				668AD0D92770943100F6EF88 /* Release */,
			);
			defaultConfigurationIsVisible = 0;
			defaultConfigurationName = Release;
		};
		668AD0DA2770943100F6EF88 /* Build configuration list for PBXNativeTarget "Adam_20211220_SwiftUIStudy" */ = {
			isa = XCConfigurationList;
			buildConfigurations = (
				668AD0DB2770943100F6EF88 /* Debug */,
				668AD0DC2770943100F6EF88 /* Release */,
			);
			defaultConfigurationIsVisible = 0;
			defaultConfigurationName = Release;
		};
		668AD0DD2770943100F6EF88 /* Build configuration list for PBXNativeTarget "Adam_20211220_SwiftUIStudyTests" */ = {
			isa = XCConfigurationList;
			buildConfigurations = (
				668AD0DE2770943100F6EF88 /* Debug */,
				668AD0DF2770943100F6EF88 /* Release */,
			);
			defaultConfigurationIsVisible = 0;
			defaultConfigurationName = Release;
		};
		668AD0E02770943100F6EF88 /* Build configuration list for PBXNativeTarget "Adam_20211220_SwiftUIStudyUITests" */ = {
			isa = XCConfigurationList;
			buildConfigurations = (
				668AD0E12770943100F6EF88 /* Debug */,
				668AD0E22770943100F6EF88 /* Release */,
			);
			defaultConfigurationIsVisible = 0;
			defaultConfigurationName = Release;
		};
/* End XCConfigurationList section */

/* Begin XCVersionGroup section */
		668AD0BF2770943100F6EF88 /* Adam_20211220_SwiftUIStudy.xcdatamodeld */ = {
			isa = XCVersionGroup;
			children = (
				668AD0C02770943100F6EF88 /* Adam_20211220_SwiftUIStudy.xcdatamodel */,
			);
			currentVersion = 668AD0C02770943100F6EF88 /* Adam_20211220_SwiftUIStudy.xcdatamodel */;
			path = Adam_20211220_SwiftUIStudy.xcdatamodeld;
			sourceTree = "<group>";
			versionGroupType = wrapper.xcdatamodel;
		};
/* End XCVersionGroup section */
	};
	rootObject = 668AD0A92770942C00F6EF88 /* Project object */;
}
